
Microsoft Visual Studio Solution File, Format Version 12.00
# Visual Studio Version 16
VisualStudioVersion = 16.0.29001.49
MinimumVisualStudioVersion = 10.0.40219.1
Project("{FAE04EC0-301F-11D3-BF4B-00C04F79EFBC}") = "PiaNO", "PiaNO\PiaNO.csproj", "{04E8090F-2484-4067-BB9F-8668F08FF881}"
EndProject
Global
	GlobalSection(SolutionConfigurationPlatforms) = preSolution
		Debug|Any CPU = Debug|Any CPU
		Release|Any CPU = Release|Any CPU
	EndGlobalSection
	GlobalSection(ProjectConfigurationPlatforms) = postSolution
		{04E8090F-2484-4067-BB9F-8668F08FF881}.Debug|Any CPU.ActiveCfg = Debug|Any CPU
		{04E8090F-2484-4067-BB9F-8668F08FF881}.Debug|Any CPU.Build.0 = Debug|Any CPU
		{04E8090F-2484-4067-BB9F-8668F08FF881}.Release|Any CPU.ActiveCfg = Release|Any CPU
		{04E8090F-2484-4067-BB9F-8668F08FF881}.Release|Any CPU.Build.0 = Release|Any CPU
	EndGlobalSection
	GlobalSection(SolutionProperties) = preSolution
		HideSolutionNode = FALSE
	EndGlobalSection
	GlobalSection(ExtensibilityGlobals) = postSolution
		SolutionGuid = {7674BEAA-790D-4585-82F6-F7C1D8D266D9}
	EndGlobalSection
EndGlobal
